
Microsoft Visual Studio Solution File, Format Version 12.00
# Visual Studio Version 16
VisualStudioVersion = 16.0.29001.49
MinimumVisualStudioVersion = 10.0.40219.1
Project("{FAE04EC0-301F-11D3-BF4B-00C04F79EFBC}") = "GuessNumber", "GuessNumber.csproj", "{9B58BC1A-4500-49FD-AD0D-D7CB7740FBD2}"
EndProject
Global
	GlobalSection(SolutionConfigurationPlatforms) = preSolution
		Debug|Any CPU = Debug|Any CPU
		Release|Any CPU = Release|Any CPU
	EndGlobalSection
	GlobalSection(ProjectConfigurationPlatforms) = postSolution
		{9B58BC1A-4500-49FD-AD0D-D7CB7740FBD2}.Debug|Any CPU.ActiveCfg = Debug|Any CPU
		{9B58BC1A-4500-49FD-AD0D-D7CB7740FBD2}.Debug|Any CPU.Build.0 = Debug|Any CPU
		{9B58BC1A-4500-49FD-AD0D-D7CB7740FBD2}.Release|Any CPU.ActiveCfg = Release|Any CPU
		{9B58BC1A-4500-49FD-AD0D-D7CB7740FBD2}.Release|Any CPU.Build.0 = Release|Any CPU
	EndGlobalSection
	GlobalSection(SolutionProperties) = preSolution
		HideSolutionNode = FALSE
	EndGlobalSection
	GlobalSection(ExtensibilityGlobals) = postSolution
		SolutionGuid = {C0C9DC86-A3E0-403F-88E1-BDAF93A533AE}
	EndGlobalSection
EndGlobal
