
Microsoft Visual Studio Solution File, Format Version 12.00
# Visual Studio Version 16
VisualStudioVersion = 16.0.29001.49
MinimumVisualStudioVersion = 10.0.40219.1
Project("{FAE04EC0-301F-11D3-BF4B-00C04F79EFBC}") = "Lab3", "Lab3.csproj", "{9DFDB829-409E-4CF4-AE00-3163A725D98C}"
EndProject
Global
	GlobalSection(SolutionConfigurationPlatforms) = preSolution
		Debug|Any CPU = Debug|Any CPU
		Release|Any CPU = Release|Any CPU
	EndGlobalSection
	GlobalSection(ProjectConfigurationPlatforms) = postSolution
		{9DFDB829-409E-4CF4-AE00-3163A725D98C}.Debug|Any CPU.ActiveCfg = Debug|Any CPU
		{9DFDB829-409E-4CF4-AE00-3163A725D98C}.Debug|Any CPU.Build.0 = Debug|Any CPU
		{9DFDB829-409E-4CF4-AE00-3163A725D98C}.Release|Any CPU.ActiveCfg = Release|Any CPU
		{9DFDB829-409E-4CF4-AE00-3163A725D98C}.Release|Any CPU.Build.0 = Release|Any CPU
	EndGlobalSection
	GlobalSection(SolutionProperties) = preSolution
		HideSolutionNode = FALSE
	EndGlobalSection
	GlobalSection(ExtensibilityGlobals) = postSolution
		SolutionGuid = {C0FC4614-D88D-48DA-A568-B77B17EE0D29}
	EndGlobalSection
EndGlobal
